<?xml version="1.0" encoding="utf-8"?>
<Project ToolsVersion="4.0" xmlns="http://schemas.microsoft.com/developer/msbuild/2003">
  <ItemGroup>
    <Filter Include="Header Files">
      <UniqueIdentifier>{ce82b22c-5449-475a-9d17-3b7899203d8a}</UniqueIdentifier>
    </Filter>
    <Filter Include="Source Files">
      <UniqueIdentifier>{6c3343b8-ea76-4cd4-83c8-81dda1cb0791}</UniqueIdentifier>
    </Filter>
  </ItemGroup>
  <ItemGroup>
    <None Include="src\HarmonicMapViewer.hh">
      <Filter>Header Files</Filter>
    </None>
  </ItemGroup>
  <ItemGroup>
    <ClCompile Include="src\HarmonicMapViewer.cc">
      <Filter>Source Files</Filter>
    </ClCompile>
    <ClCompile Include="src\parameterizer.cc">
      <Filter>Source Files</Filter>
    </ClCompile>
  </ItemGroup>
</Project>